
Microsoft Visual Studio Solution File, Format Version 12.00
# Visual Studio 15
VisualStudioVersion = 15.0.26124.0
MinimumVisualStudioVersion = 15.0.26124.0
Project("{2150E333-8FDC-42A3-9474-1A3956D46DE8}") = "src", "src", "{EE0A35FA-53E2-431F-BF86-7661072F3EDF}"
EndProject
Project("{FAE04EC0-301F-11D3-BF4B-00C04F79EFBC}") = "CommandAPI", "src\CommandAPI\CommandAPI.csproj", "{52FAF86F-C581-4EA4-9D0E-1F9E798951A3}"
EndProject
Project("{2150E333-8FDC-42A3-9474-1A3956D46DE8}") = "test", "test", "{1AE109E4-3005-4F2C-B460-D73E29EB4078}"
EndProject
Project("{FAE04EC0-301F-11D3-BF4B-00C04F79EFBC}") = "CommandAPI.Tests", "test\CommandAPI.Tests\CommandAPI.Tests.csproj", "{1010293D-DDCD-4F69-AE08-13C37270A508}"
EndProject
Global
	GlobalSection(SolutionConfigurationPlatforms) = preSolution
		Debug|Any CPU = Debug|Any CPU
		Debug|x64 = Debug|x64
		Debug|x86 = Debug|x86
		Release|Any CPU = Release|Any CPU
		Release|x64 = Release|x64
		Release|x86 = Release|x86
	EndGlobalSection
	GlobalSection(SolutionProperties) = preSolution
		HideSolutionNode = FALSE
	EndGlobalSection
	GlobalSection(ProjectConfigurationPlatforms) = postSolution
		{52FAF86F-C581-4EA4-9D0E-1F9E798951A3}.Debug|Any CPU.ActiveCfg = Debug|Any CPU
		{52FAF86F-C581-4EA4-9D0E-1F9E798951A3}.Debug|Any CPU.Build.0 = Debug|Any CPU
		{52FAF86F-C581-4EA4-9D0E-1F9E798951A3}.Debug|x64.ActiveCfg = Debug|Any CPU
		{52FAF86F-C581-4EA4-9D0E-1F9E798951A3}.Debug|x64.Build.0 = Debug|Any CPU
		{52FAF86F-C581-4EA4-9D0E-1F9E798951A3}.Debug|x86.ActiveCfg = Debug|Any CPU
		{52FAF86F-C581-4EA4-9D0E-1F9E798951A3}.Debug|x86.Build.0 = Debug|Any CPU
		{52FAF86F-C581-4EA4-9D0E-1F9E798951A3}.Release|Any CPU.ActiveCfg = Release|Any CPU
		{52FAF86F-C581-4EA4-9D0E-1F9E798951A3}.Release|Any CPU.Build.0 = Release|Any CPU
		{52FAF86F-C581-4EA4-9D0E-1F9E798951A3}.Release|x64.ActiveCfg = Release|Any CPU
		{52FAF86F-C581-4EA4-9D0E-1F9E798951A3}.Release|x64.Build.0 = Release|Any CPU
		{52FAF86F-C581-4EA4-9D0E-1F9E798951A3}.Release|x86.ActiveCfg = Release|Any CPU
		{52FAF86F-C581-4EA4-9D0E-1F9E798951A3}.Release|x86.Build.0 = Release|Any CPU
		{1010293D-DDCD-4F69-AE08-13C37270A508}.Debug|Any CPU.ActiveCfg = Debug|Any CPU
		{1010293D-DDCD-4F69-AE08-13C37270A508}.Debug|Any CPU.Build.0 = Debug|Any CPU
		{1010293D-DDCD-4F69-AE08-13C37270A508}.Debug|x64.ActiveCfg = Debug|Any CPU
		{1010293D-DDCD-4F69-AE08-13C37270A508}.Debug|x64.Build.0 = Debug|Any CPU
		{1010293D-DDCD-4F69-AE08-13C37270A508}.Debug|x86.ActiveCfg = Debug|Any CPU
		{1010293D-DDCD-4F69-AE08-13C37270A508}.Debug|x86.Build.0 = Debug|Any CPU
		{1010293D-DDCD-4F69-AE08-13C37270A508}.Release|Any CPU.ActiveCfg = Release|Any CPU
		{1010293D-DDCD-4F69-AE08-13C37270A508}.Release|Any CPU.Build.0 = Release|Any CPU
		{1010293D-DDCD-4F69-AE08-13C37270A508}.Release|x64.ActiveCfg = Release|Any CPU
		{1010293D-DDCD-4F69-AE08-13C37270A508}.Release|x64.Build.0 = Release|Any CPU
		{1010293D-DDCD-4F69-AE08-13C37270A508}.Release|x86.ActiveCfg = Release|Any CPU
		{1010293D-DDCD-4F69-AE08-13C37270A508}.Release|x86.Build.0 = Release|Any CPU
	EndGlobalSection
	GlobalSection(NestedProjects) = preSolution
		{52FAF86F-C581-4EA4-9D0E-1F9E798951A3} = {EE0A35FA-53E2-431F-BF86-7661072F3EDF}
		{1010293D-DDCD-4F69-AE08-13C37270A508} = {1AE109E4-3005-4F2C-B460-D73E29EB4078}
	EndGlobalSection
EndGlobal
